
Microsoft Visual Studio Solution File, Format Version 12.00
# Visual Studio Version 17
VisualStudioVersion = 17.4.33205.214
MinimumVisualStudioVersion = 10.0.40219.1
Project("{F184B08F-C81C-45F6-A57F-5ABD9991F28F}") = "PMXInterface", "PMXInterface\PMXInterface.vbproj", "{A7147625-2169-41DB-8578-01875078D9B2}"
	ProjectSection(ProjectDependencies) = postProject
		{D9F6F75A-2C73-4E1B-A27B-791C1098507C} = {D9F6F75A-2C73-4E1B-A27B-791C1098507C}
	EndProjectSection
EndProject
Project("{F184B08F-C81C-45F6-A57F-5ABD9991F28F}") = "PMXMoteurX", "PMXMoteurX\PMXMoteurX.vbproj", "{D9F6F75A-2C73-4E1B-A27B-791C1098507C}"
	ProjectSection(ProjectDependencies) = postProject
		{8993E97E-DAA1-4BF9-A62C-66B0D7ACE505} = {8993E97E-DAA1-4BF9-A62C-66B0D7ACE505}
	EndProjectSection
EndProject
Project("{F184B08F-C81C-45F6-A57F-5ABD9991F28F}") = "PMXTestsUnitaires", "PMX_TestsUnitaires\PMXTestsUnitaires.vbproj", "{F144EDCE-1CD1-4922-BACE-A992E5054EEA}"
	ProjectSection(ProjectDependencies) = postProject
		{52236C7B-8FD2-4DF3-8E6A-06537499FBE6} = {52236C7B-8FD2-4DF3-8E6A-06537499FBE6}
		{53876D64-8FEE-4E62-B907-0F707563C53E} = {53876D64-8FEE-4E62-B907-0F707563C53E}
		{8993E97E-DAA1-4BF9-A62C-66B0D7ACE505} = {8993E97E-DAA1-4BF9-A62C-66B0D7ACE505}
	EndProjectSection
EndProject
Project("{F184B08F-C81C-45F6-A57F-5ABD9991F28F}") = "DLL_CTICM_DATA", "DLL_CTICM_DATA\DLL_CTICM_DATA.vbproj", "{53876D64-8FEE-4E62-B907-0F707563C53E}"
EndProject
Project("{F184B08F-C81C-45F6-A57F-5ABD9991F28F}") = "DLL_CTICM_MODAL", "DLL_CTICM_MODAL\DLL_CTICM_MODAL.vbproj", "{8993E97E-DAA1-4BF9-A62C-66B0D7ACE505}"
EndProject
Project("{F184B08F-C81C-45F6-A57F-5ABD9991F28F}") = "DLL_CTICM_RDM", "DLL_CTICM_RDM\DLL_CTICM_RDM.vbproj", "{4623E43C-C204-42A6-B120-1A905B82B877}"
EndProject
Project("{F184B08F-C81C-45F6-A57F-5ABD9991F28F}") = "DLL_CTICM_LTB", "DLL_CTICM_LTB\DLL_CTICM_LTB.vbproj", "{52236C7B-8FD2-4DF3-8E6A-06537499FBE6}"
EndProject
Global
	GlobalSection(SolutionConfigurationPlatforms) = preSolution
		Debug|Any CPU = Debug|Any CPU
		Release|Any CPU = Release|Any CPU
	EndGlobalSection
	GlobalSection(ProjectConfigurationPlatforms) = postSolution
		{A7147625-2169-41DB-8578-01875078D9B2}.Debug|Any CPU.ActiveCfg = Debug|Any CPU
		{A7147625-2169-41DB-8578-01875078D9B2}.Debug|Any CPU.Build.0 = Debug|Any CPU
		{A7147625-2169-41DB-8578-01875078D9B2}.Release|Any CPU.ActiveCfg = Release|Any CPU
		{A7147625-2169-41DB-8578-01875078D9B2}.Release|Any CPU.Build.0 = Release|Any CPU
		{D9F6F75A-2C73-4E1B-A27B-791C1098507C}.Debug|Any CPU.ActiveCfg = Debug|Any CPU
		{D9F6F75A-2C73-4E1B-A27B-791C1098507C}.Debug|Any CPU.Build.0 = Debug|Any CPU
		{D9F6F75A-2C73-4E1B-A27B-791C1098507C}.Release|Any CPU.ActiveCfg = Release|Any CPU
		{D9F6F75A-2C73-4E1B-A27B-791C1098507C}.Release|Any CPU.Build.0 = Release|Any CPU
		{F144EDCE-1CD1-4922-BACE-A992E5054EEA}.Debug|Any CPU.ActiveCfg = Debug|Any CPU
		{F144EDCE-1CD1-4922-BACE-A992E5054EEA}.Debug|Any CPU.Build.0 = Debug|Any CPU
		{F144EDCE-1CD1-4922-BACE-A992E5054EEA}.Release|Any CPU.ActiveCfg = Release|Any CPU
		{F144EDCE-1CD1-4922-BACE-A992E5054EEA}.Release|Any CPU.Build.0 = Release|Any CPU
		{53876D64-8FEE-4E62-B907-0F707563C53E}.Debug|Any CPU.ActiveCfg = Debug|Any CPU
		{53876D64-8FEE-4E62-B907-0F707563C53E}.Debug|Any CPU.Build.0 = Debug|Any CPU
		{53876D64-8FEE-4E62-B907-0F707563C53E}.Release|Any CPU.ActiveCfg = Release|Any CPU
		{53876D64-8FEE-4E62-B907-0F707563C53E}.Release|Any CPU.Build.0 = Release|Any CPU
		{8993E97E-DAA1-4BF9-A62C-66B0D7ACE505}.Debug|Any CPU.ActiveCfg = Debug|Any CPU
		{8993E97E-DAA1-4BF9-A62C-66B0D7ACE505}.Debug|Any CPU.Build.0 = Debug|Any CPU
		{8993E97E-DAA1-4BF9-A62C-66B0D7ACE505}.Release|Any CPU.ActiveCfg = Release|Any CPU
		{8993E97E-DAA1-4BF9-A62C-66B0D7ACE505}.Release|Any CPU.Build.0 = Release|Any CPU
		{4623E43C-C204-42A6-B120-1A905B82B877}.Debug|Any CPU.ActiveCfg = Debug|Any CPU
		{4623E43C-C204-42A6-B120-1A905B82B877}.Debug|Any CPU.Build.0 = Debug|Any CPU
		{4623E43C-C204-42A6-B120-1A905B82B877}.Release|Any CPU.ActiveCfg = Release|Any CPU
		{4623E43C-C204-42A6-B120-1A905B82B877}.Release|Any CPU.Build.0 = Release|Any CPU
		{52236C7B-8FD2-4DF3-8E6A-06537499FBE6}.Debug|Any CPU.ActiveCfg = Debug|Any CPU
		{52236C7B-8FD2-4DF3-8E6A-06537499FBE6}.Debug|Any CPU.Build.0 = Debug|Any CPU
		{52236C7B-8FD2-4DF3-8E6A-06537499FBE6}.Release|Any CPU.ActiveCfg = Release|Any CPU
		{52236C7B-8FD2-4DF3-8E6A-06537499FBE6}.Release|Any CPU.Build.0 = Release|Any CPU
	EndGlobalSection
	GlobalSection(SolutionProperties) = preSolution
		HideSolutionNode = FALSE
	EndGlobalSection
	GlobalSection(ExtensibilityGlobals) = postSolution
		SolutionGuid = {B05806C9-A4BE-4BB9-AADA-C1B9795B272D}
	EndGlobalSection
EndGlobal
